{
  "nodes": {
    "crane": {
      "inputs": {
        "nixpkgs": [
          "nixpkgs"
        ]
      },
      "locked": {
        "lastModified": 1722960479,
        "narHash": "sha256-NhCkJJQhD5GUib8zN9JrmYGMwt4lCRp6ZVNzIiYCl0Y=",
        "owner": "ipetkov",
        "repo": "crane",
        "rev": "4c6c77920b8d44cd6660c1621dea6b3fc4b4c4f4",
        "type": "github"
      },
      "original": {
        "owner": "ipetkov",
        "repo": "crane",
        "type": "github"
      }
    },
    "flake-utils": {
      "inputs": {
        "systems": "systems"
      },
      "locked": {
        "lastModified": 1710146030,
        "narHash": "sha256-SZ5L6eA7HJ/nmkzGG7/ISclqe6oZdOZTNoesiInkXPQ=",
        "owner": "numtide",
        "repo": "flake-utils",
        "rev": "b1d9ab70662946ef0850d488da1c9019f3a9752a",
        "type": "github"
      },
      "original": {
        "owner": "numtide",
        "repo": "flake-utils",
        "type": "github"
      }
    },
    "nixpkgs": {
      "locked": {
        "lastModified": 1723221148,
        "narHash": "sha256-7pjpeQlZUNQ4eeVntytU3jkw9dFK3k1Htgk2iuXjaD8=",
        "owner": "NixOS",
        "repo": "nixpkgs",
        "rev": "154bcb95ad51bc257c2ce4043a725de6ca700ef6",
        "type": "github"
      },
      "original": {
        "owner": "NixOS",
        "ref": "nixpkgs-unstable",
        "repo": "nixpkgs",
        "type": "github"
      }
    },
    "nixpkgs-for-wasm-bindgen": {
      "locked": {
        "lastModified": 1714672763,
        "narHash": "sha256-NPDd+CMg4VaKZplhhJCltIYEdu/5ZOUmzp0J8fFRaMI=",
        "owner": "NixOS",
        "repo": "nixpkgs",
        "rev": "5eb7b63c5c2d02ad4711d8dff1d824ac39f2cc3a",
        "type": "github"
      },
      "original": {
        "owner": "NixOS",
        "repo": "nixpkgs",
        "rev": "5eb7b63c5c2d02ad4711d8dff1d824ac39f2cc3a",
        "type": "github"
      }
    },
    "root": {
      "inputs": {
        "crane": "crane",
        "flake-utils": "flake-utils",
        "nixpkgs": "nixpkgs",
        "nixpkgs-for-wasm-bindgen": "nixpkgs-for-wasm-bindgen",
        "rust-overlay": "rust-overlay"
      }
    },
    "rust-overlay": {
      "inputs": {
        "nixpkgs": [
          "nixpkgs"
        ]
      },
      "locked": {
        "lastModified": 1723256423,
        "narHash": "sha256-9iDTrfVM+mbcad31a47oqW8t8tfSA4C/si6F8F2DO/w=",
        "owner": "oxalica",
        "repo": "rust-overlay",
        "rev": "615cfd85b4d9c51811a8d875374268fab5bd4089",
        "type": "github"
      },
      "original": {
        "owner": "oxalica",
        "repo": "rust-overlay",
        "type": "github"
      }
    },
    "systems": {
      "locked": {
        "lastModified": 1681028828,
        "narHash": "sha256-Vy1rq5AaRuLzOxct8nz4T6wlgyUR7zLU309k9mBC768=",
        "owner": "nix-systems",
        "repo": "default",
        "rev": "da67096a3b9bf56a91d16901293e51ba5b49a27e",
        "type": "github"
      },
      "original": {
        "owner": "nix-systems",
        "repo": "default",
        "type": "github"
      }
    }
  },
  "root": "root",
  "version": 7
}
